
Microsoft Visual Studio Solution File, Format Version 12.00
# Visual Studio Version 17
VisualStudioVersion = 17.1.32210.238
MinimumVisualStudioVersion = 10.0.40219.1
Project("{9A19103F-16F7-4668-BE54-9A1E7A4F7556}") = "ClientService", "WebApplication\ClientService.csproj", "{94FC9448-8CE1-496F-8A9B-AAA55FC7837A}"
EndProject
Global
	GlobalSection(SolutionConfigurationPlatforms) = preSolution
		Debug|Any CPU = Debug|Any CPU
		Release|Any CPU = Release|Any CPU
	EndGlobalSection
	GlobalSection(ProjectConfigurationPlatforms) = postSolution
		{94FC9448-8CE1-496F-8A9B-AAA55FC7837A}.Debug|Any CPU.ActiveCfg = Debug|Any CPU
		{94FC9448-8CE1-496F-8A9B-AAA55FC7837A}.Debug|Any CPU.Build.0 = Debug|Any CPU
		{94FC9448-8CE1-496F-8A9B-AAA55FC7837A}.Release|Any CPU.ActiveCfg = Release|Any CPU
		{94FC9448-8CE1-496F-8A9B-AAA55FC7837A}.Release|Any CPU.Build.0 = Release|Any CPU
	EndGlobalSection
	GlobalSection(SolutionProperties) = preSolution
		HideSolutionNode = FALSE
	EndGlobalSection
	GlobalSection(ExtensibilityGlobals) = postSolution
		SolutionGuid = {B4F97BE3-CE29-460F-B35F-6F37BC77382A}
	EndGlobalSection
EndGlobal
