
Microsoft Visual Studio Solution File, Format Version 12.00
# Visual Studio Version 17
VisualStudioVersion = 17.1.32210.238
MinimumVisualStudioVersion = 10.0.40219.1
Project("{FAE04EC0-301F-11D3-BF4B-00C04F79EFBC}") = "ConsoleLibrary", "ConsoleLibrary\ConsoleLibrary.csproj", "{689889DD-7665-4E54-B68A-1014542B8DBB}"
EndProject
Global
	GlobalSection(SolutionConfigurationPlatforms) = preSolution
		Debug|Any CPU = Debug|Any CPU
		Release|Any CPU = Release|Any CPU
	EndGlobalSection
	GlobalSection(ProjectConfigurationPlatforms) = postSolution
		{689889DD-7665-4E54-B68A-1014542B8DBB}.Debug|Any CPU.ActiveCfg = Debug|Any CPU
		{689889DD-7665-4E54-B68A-1014542B8DBB}.Debug|Any CPU.Build.0 = Debug|Any CPU
		{689889DD-7665-4E54-B68A-1014542B8DBB}.Release|Any CPU.ActiveCfg = Release|Any CPU
		{689889DD-7665-4E54-B68A-1014542B8DBB}.Release|Any CPU.Build.0 = Release|Any CPU
	EndGlobalSection
	GlobalSection(SolutionProperties) = preSolution
		HideSolutionNode = FALSE
	EndGlobalSection
	GlobalSection(ExtensibilityGlobals) = postSolution
		SolutionGuid = {905118F7-CC13-40E8-BDF4-37C06055AA40}
	EndGlobalSection
EndGlobal
